// !$*UTF8*$!
{
	archiveVersion = 1;
	classes = {
	};
	objectVersion = 56;
	objects = {

/* Begin PBXBuildFile section */
		C13CCDA7292A07BA008875EB /* HomeVC.swift in Sources */ = {isa = PBXBuildFile; fileRef = C13CCDA6292A07BA008875EB /* HomeVC.swift */; };
		C13CCDA9292A07F3008875EB /* HomeView.swift in Sources */ = {isa = PBXBuildFile; fileRef = C13CCDA8292A07F3008875EB /* HomeView.swift */; };
		C1C71B8A292AE1F30078C647 /* Alert.swift in Sources */ = {isa = PBXBuildFile; fileRef = C1C71B89292AE1F30078C647 /* Alert.swift */; };
		C1C71B8D292AE4850078C647 /* ResultVC.swift in Sources */ = {isa = PBXBuildFile; fileRef = C1C71B8C292AE4850078C647 /* ResultVC.swift */; };
		C1C71B8F292AE4990078C647 /* ResultView.swift in Sources */ = {isa = PBXBuildFile; fileRef = C1C71B8E292AE4990078C647 /* ResultView.swift */; };
		C1D04375292A072D001D123C /* AppDelegate.swift in Sources */ = {isa = PBXBuildFile; fileRef = C1D04374292A072D001D123C /* AppDelegate.swift */; };
		C1D04377292A072D001D123C /* SceneDelegate.swift in Sources */ = {isa = PBXBuildFile; fileRef = C1D04376292A072D001D123C /* SceneDelegate.swift */; };
		C1D0437E292A072E001D123C /* Assets.xcassets in Resources */ = {isa = PBXBuildFile; fileRef = C1D0437D292A072E001D123C /* Assets.xcassets */; };
		C1D04381292A072E001D123C /* LaunchScreen.storyboard in Resources */ = {isa = PBXBuildFile; fileRef = C1D0437F292A072E001D123C /* LaunchScreen.storyboard */; };
/* End PBXBuildFile section */

/* Begin PBXFileReference section */
		C13CCDA6292A07BA008875EB /* HomeVC.swift */ = {isa = PBXFileReference; lastKnownFileType = sourcecode.swift; path = HomeVC.swift; sourceTree = "<group>"; };
		C13CCDA8292A07F3008875EB /* HomeView.swift */ = {isa = PBXFileReference; lastKnownFileType = sourcecode.swift; path = HomeView.swift; sourceTree = "<group>"; };
		C1C71B89292AE1F30078C647 /* Alert.swift */ = {isa = PBXFileReference; lastKnownFileType = sourcecode.swift; path = Alert.swift; sourceTree = "<group>"; };
		C1C71B8C292AE4850078C647 /* ResultVC.swift */ = {isa = PBXFileReference; lastKnownFileType = sourcecode.swift; path = ResultVC.swift; sourceTree = "<group>"; };
		C1C71B8E292AE4990078C647 /* ResultView.swift */ = {isa = PBXFileReference; lastKnownFileType = sourcecode.swift; path = ResultView.swift; sourceTree = "<group>"; };
		C1D04371292A072D001D123C /* tipsy-viewCode.app */ = {isa = PBXFileReference; explicitFileType = wrapper.application; includeInIndex = 0; path = "tipsy-viewCode.app"; sourceTree = BUILT_PRODUCTS_DIR; };
		C1D04374292A072D001D123C /* AppDelegate.swift */ = {isa = PBXFileReference; lastKnownFileType = sourcecode.swift; path = AppDelegate.swift; sourceTree = "<group>"; };
		C1D04376292A072D001D123C /* SceneDelegate.swift */ = {isa = PBXFileReference; lastKnownFileType = sourcecode.swift; path = SceneDelegate.swift; sourceTree = "<group>"; };
		C1D0437D292A072E001D123C /* Assets.xcassets */ = {isa = PBXFileReference; lastKnownFileType = folder.assetcatalog; path = Assets.xcassets; sourceTree = "<group>"; };
		C1D04380292A072E001D123C /* Base */ = {isa = PBXFileReference; lastKnownFileType = file.storyboard; name = Base; path = Base.lproj/LaunchScreen.storyboard; sourceTree = "<group>"; };
		C1D04382292A072E001D123C /* Info.plist */ = {isa = PBXFileReference; lastKnownFileType = text.plist.xml; path = Info.plist; sourceTree = "<group>"; };
/* End PBXFileReference section */

/* Begin PBXFrameworksBuildPhase section */
		C1D0436E292A072D001D123C /* Frameworks */ = {
			isa = PBXFrameworksBuildPhase;
			buildActionMask = 2147483647;
			files = (
			);
			runOnlyForDeploymentPostprocessing = 0;
		};
/* End PBXFrameworksBuildPhase section */

/* Begin PBXGroup section */
		C13CCDA5292A07B3008875EB /* Home */ = {
			isa = PBXGroup;
			children = (
				C13CCDA6292A07BA008875EB /* HomeVC.swift */,
				C13CCDA8292A07F3008875EB /* HomeView.swift */,
			);
			path = Home;
			sourceTree = "<group>";
		};
		C1C71B88292AE1E90078C647 /* Helpers */ = {
			isa = PBXGroup;
			children = (
				C1C71B89292AE1F30078C647 /* Alert.swift */,
			);
			path = Helpers;
			sourceTree = "<group>";
		};
		C1C71B8B292AE4750078C647 /* Result */ = {
			isa = PBXGroup;
			children = (
				C1C71B8C292AE4850078C647 /* ResultVC.swift */,
				C1C71B8E292AE4990078C647 /* ResultView.swift */,
			);
			path = Result;
			sourceTree = "<group>";
		};
		C1D04368292A072D001D123C = {
			isa = PBXGroup;
			children = (
				C1D04373292A072D001D123C /* tipsy-viewCode */,
				C1D04372292A072D001D123C /* Products */,
			);
			sourceTree = "<group>";
		};
		C1D04372292A072D001D123C /* Products */ = {
			isa = PBXGroup;
			children = (
				C1D04371292A072D001D123C /* tipsy-viewCode.app */,
			);
			name = Products;
			sourceTree = "<group>";
		};
		C1D04373292A072D001D123C /* tipsy-viewCode */ = {
			isa = PBXGroup;
			children = (
				C1C71B88292AE1E90078C647 /* Helpers */,
				C13CCDA5292A07B3008875EB /* Home */,
				C1C71B8B292AE4750078C647 /* Result */,
				C1D04374292A072D001D123C /* AppDelegate.swift */,
				C1D04376292A072D001D123C /* SceneDelegate.swift */,
				C1D0437D292A072E001D123C /* Assets.xcassets */,
				C1D0437F292A072E001D123C /* LaunchScreen.storyboard */,
				C1D04382292A072E001D123C /* Info.plist */,
			);
			path = "tipsy-viewCode";
			sourceTree = "<group>";
		};
/* End PBXGroup section */

/* Begin PBXNativeTarget section */
		C1D04370292A072D001D123C /* tipsy-viewCode */ = {
			isa = PBXNativeTarget;
			buildConfigurationList = C1D04385292A072E001D123C /* Build configuration list for PBXNativeTarget "tipsy-viewCode" */;
			buildPhases = (
				C1D0436D292A072D001D123C /* Sources */,
				C1D0436E292A072D001D123C /* Frameworks */,
				C1D0436F292A072D001D123C /* Resources */,
			);
			buildRules = (
			);
			dependencies = (
			);
			name = "tipsy-viewCode";
			productName = "tipsy-viewCode";
			productReference = C1D04371292A072D001D123C /* tipsy-viewCode.app */;
			productType = "com.apple.product-type.application";
		};
/* End PBXNativeTarget section */

/* Begin PBXProject section */
		C1D04369292A072D001D123C /* Project object */ = {
			isa = PBXProject;
			attributes = {
				BuildIndependentTargetsInParallel = 1;
				LastSwiftUpdateCheck = 1410;
				LastUpgradeCheck = 1410;
				TargetAttributes = {
					C1D04370292A072D001D123C = {
						CreatedOnToolsVersion = 14.1;
					};
				};
			};
			buildConfigurationList = C1D0436C292A072D001D123C /* Build configuration list for PBXProject "tipsy-viewCode" */;
			compatibilityVersion = "Xcode 14.0";
			developmentRegion = en;
			hasScannedForEncodings = 0;
			knownRegions = (
				en,
				Base,
			);
			mainGroup = C1D04368292A072D001D123C;
			productRefGroup = C1D04372292A072D001D123C /* Products */;
			projectDirPath = "";
			projectRoot = "";
			targets = (
				C1D04370292A072D001D123C /* tipsy-viewCode */,
			);
		};
/* End PBXProject section */

/* Begin PBXResourcesBuildPhase section */
		C1D0436F292A072D001D123C /* Resources */ = {
			isa = PBXResourcesBuildPhase;
			buildActionMask = 2147483647;
			files = (
				C1D04381292A072E001D123C /* LaunchScreen.storyboard in Resources */,
				C1D0437E292A072E001D123C /* Assets.xcassets in Resources */,
			);
			runOnlyForDeploymentPostprocessing = 0;
		};
/* End PBXResourcesBuildPhase section */

/* Begin PBXSourcesBuildPhase section */
		C1D0436D292A072D001D123C /* Sources */ = {
			isa = PBXSourcesBuildPhase;
			buildActionMask = 2147483647;
			files = (
				C13CCDA7292A07BA008875EB /* HomeVC.swift in Sources */,
				C1C71B8D292AE4850078C647 /* ResultVC.swift in Sources */,
				C1D04375292A072D001D123C /* AppDelegate.swift in Sources */,
				C13CCDA9292A07F3008875EB /* HomeView.swift in Sources */,
				C1C71B8A292AE1F30078C647 /* Alert.swift in Sources */,
				C1C71B8F292AE4990078C647 /* ResultView.swift in Sources */,
				C1D04377292A072D001D123C /* SceneDelegate.swift in Sources */,
			);
			runOnlyForDeploymentPostprocessing = 0;
		};
/* End PBXSourcesBuildPhase section */

/* Begin PBXVariantGroup section */
		C1D0437F292A072E001D123C /* LaunchScreen.storyboard */ = {
			isa = PBXVariantGroup;
			children = (
				C1D04380292A072E001D123C /* Base */,
			);
			name = LaunchScreen.storyboard;
			sourceTree = "<group>";
		};
/* End PBXVariantGroup section */

/* Begin XCBuildConfiguration section */
		C1D04383292A072E001D123C /* Debug */ = {
			isa = XCBuildConfiguration;
			buildSettings = {
				ALWAYS_SEARCH_USER_PATHS = NO;
				CLANG_ANALYZER_NONNULL = YES;
				CLANG_ANALYZER_NUMBER_OBJECT_CONVERSION = YES_AGGRESSIVE;
				CLANG_CXX_LANGUAGE_STANDARD = "gnu++20";
				CLANG_ENABLE_MODULES = YES;
				CLANG_ENABLE_OBJC_ARC = YES;
				CLANG_ENABLE_OBJC_WEAK = YES;
				CLANG_WARN_BLOCK_CAPTURE_AUTORELEASING = YES;
				CLANG_WARN_BOOL_CONVERSION = YES;
				CLANG_WARN_COMMA = YES;
				CLANG_WARN_CONSTANT_CONVERSION = YES;
				CLANG_WARN_DEPRECATED_OBJC_IMPLEMENTATIONS = YES;
				CLANG_WARN_DIRECT_OBJC_ISA_USAGE = YES_ERROR;
				CLANG_WARN_DOCUMENTATION_COMMENTS = YES;
				CLANG_WARN_EMPTY_BODY = YES;
				CLANG_WARN_ENUM_CONVERSION = YES;
				CLANG_WARN_INFINITE_RECURSION = YES;
				CLANG_WARN_INT_CONVERSION = YES;
				CLANG_WARN_NON_LITERAL_NULL_CONVERSION = YES;
				CLANG_WARN_OBJC_IMPLICIT_RETAIN_SELF = YES;
				CLANG_WARN_OBJC_LITERAL_CONVERSION = YES;
				CLANG_WARN_OBJC_ROOT_CLASS = YES_ERROR;
				CLANG_WARN_QUOTED_INCLUDE_IN_FRAMEWORK_HEADER = YES;
				CLANG_WARN_RANGE_LOOP_ANALYSIS = YES;
				CLANG_WARN_STRICT_PROTOTYPES = YES;
				CLANG_WARN_SUSPICIOUS_MOVE = YES;
				CLANG_WARN_UNGUARDED_AVAILABILITY = YES_AGGRESSIVE;
				CLANG_WARN_UNREACHABLE_CODE = YES;
				CLANG_WARN__DUPLICATE_METHOD_MATCH = YES;
				COPY_PHASE_STRIP = NO;
				DEBUG_INFORMATION_FORMAT = dwarf;
				ENABLE_STRICT_OBJC_MSGSEND = YES;
				ENABLE_TESTABILITY = YES;
				GCC_C_LANGUAGE_STANDARD = gnu11;
				GCC_DYNAMIC_NO_PIC = NO;
				GCC_NO_COMMON_BLOCKS = YES;
				GCC_OPTIMIZATION_LEVEL = 0;
				GCC_PREPROCESSOR_DEFINITIONS = (
					"DEBUG=1",
					"$(inherited)",
				);
				GCC_WARN_64_TO_32_BIT_CONVERSION = YES;
				GCC_WARN_ABOUT_RETURN_TYPE = YES_ERROR;
				GCC_WARN_UNDECLARED_SELECTOR = YES;
				GCC_WARN_UNINITIALIZED_AUTOS = YES_AGGRESSIVE;
				GCC_WARN_UNUSED_FUNCTION = YES;
				GCC_WARN_UNUSED_VARIABLE = YES;
				IPHONEOS_DEPLOYMENT_TARGET = 16.1;
				MTL_ENABLE_DEBUG_INFO = INCLUDE_SOURCE;
				MTL_FAST_MATH = YES;
				ONLY_ACTIVE_ARCH = YES;
				SDKROOT = iphoneos;
				SWIFT_ACTIVE_COMPILATION_CONDITIONS = DEBUG;
				SWIFT_OPTIMIZATION_LEVEL = "-Onone";
			};
			name = Debug;
		};
		C1D04384292A072E001D123C /* Release */ = {
			isa = XCBuildConfiguration;
			buildSettings = {
				ALWAYS_SEARCH_USER_PATHS = NO;
				CLANG_ANALYZER_NONNULL = YES;
				CLANG_ANALYZER_NUMBER_OBJECT_CONVERSION = YES_AGGRESSIVE;
				CLANG_CXX_LANGUAGE_STANDARD = "gnu++20";
				CLANG_ENABLE_MODULES = YES;
				CLANG_ENABLE_OBJC_ARC = YES;
				CLANG_ENABLE_OBJC_WEAK = YES;
				CLANG_WARN_BLOCK_CAPTURE_AUTORELEASING = YES;
				CLANG_WARN_BOOL_CONVERSION = YES;
				CLANG_WARN_COMMA = YES;
				CLANG_WARN_CONSTANT_CONVERSION = YES;
				CLANG_WARN_DEPRECATED_OBJC_IMPLEMENTATIONS = YES;
				CLANG_WARN_DIRECT_OBJC_ISA_USAGE = YES_ERROR;
				CLANG_WARN_DOCUMENTATION_COMMENTS = YES;
				CLANG_WARN_EMPTY_BODY = YES;
				CLANG_WARN_ENUM_CONVERSION = YES;
				CLANG_WARN_INFINITE_RECURSION = YES;
				CLANG_WARN_INT_CONVERSION = YES;
				CLANG_WARN_NON_LITERAL_NULL_CONVERSION = YES;
				CLANG_WARN_OBJC_IMPLICIT_RETAIN_SELF = YES;
				CLANG_WARN_OBJC_LITERAL_CONVERSION = YES;
				CLANG_WARN_OBJC_ROOT_CLASS = YES_ERROR;
				CLANG_WARN_QUOTED_INCLUDE_IN_FRAMEWORK_HEADER = YES;
				CLANG_WARN_RANGE_LOOP_ANALYSIS = YES;
				CLANG_WARN_STRICT_PROTOTYPES = YES;
				CLANG_WARN_SUSPICIOUS_MOVE = YES;
				CLANG_WARN_UNGUARDED_AVAILABILITY = YES_AGGRESSIVE;
				CLANG_WARN_UNREACHABLE_CODE = YES;
				CLANG_WARN__DUPLICATE_METHOD_MATCH = YES;
				COPY_PHASE_STRIP = NO;
				DEBUG_INFORMATION_FORMAT = "dwarf-with-dsym";
				ENABLE_NS_ASSERTIONS = NO;
				ENABLE_STRICT_OBJC_MSGSEND = YES;
				GCC_C_LANGUAGE_STANDARD = gnu11;
				GCC_NO_COMMON_BLOCKS = YES;
				GCC_WARN_64_TO_32_BIT_CONVERSION = YES;
				GCC_WARN_ABOUT_RETURN_TYPE = YES_ERROR;
				GCC_WARN_UNDECLARED_SELECTOR = YES;
				GCC_WARN_UNINITIALIZED_AUTOS = YES_AGGRESSIVE;
				GCC_WARN_UNUSED_FUNCTION = YES;
				GCC_WARN_UNUSED_VARIABLE = YES;
				IPHONEOS_DEPLOYMENT_TARGET = 16.1;
				MTL_ENABLE_DEBUG_INFO = NO;
				MTL_FAST_MATH = YES;
				SDKROOT = iphoneos;
				SWIFT_COMPILATION_MODE = wholemodule;
				SWIFT_OPTIMIZATION_LEVEL = "-O";
				VALIDATE_PRODUCT = YES;
			};
			name = Release;
		};
		C1D04386292A072E001D123C /* Debug */ = {
			isa = XCBuildConfiguration;
			buildSettings = {
				ASSETCATALOG_COMPILER_APPICON_NAME = AppIcon;
				ASSETCATALOG_COMPILER_GLOBAL_ACCENT_COLOR_NAME = AccentColor;
				CODE_SIGN_STYLE = Automatic;
				CURRENT_PROJECT_VERSION = 1;
				DEVELOPMENT_TEAM = QQ6QSKRB6L;
				GENERATE_INFOPLIST_FILE = YES;
				INFOPLIST_FILE = "tipsy-viewCode/Info.plist";
				INFOPLIST_KEY_UIApplicationSupportsIndirectInputEvents = YES;
				INFOPLIST_KEY_UILaunchStoryboardName = LaunchScreen;
				INFOPLIST_KEY_UISupportedInterfaceOrientations_iPad = "UIInterfaceOrientationPortrait UIInterfaceOrientationPortraitUpsideDown UIInterfaceOrientationLandscapeLeft UIInterfaceOrientationLandscapeRight";
				INFOPLIST_KEY_UISupportedInterfaceOrientations_iPhone = "UIInterfaceOrientationPortrait UIInterfaceOrientationLandscapeLeft UIInterfaceOrientationLandscapeRight";
				LD_RUNPATH_SEARCH_PATHS = (
					"$(inherited)",
					"@executable_path/Frameworks",
				);
				MARKETING_VERSION = 1.0;
				PRODUCT_BUNDLE_IDENTIFIER = "com.hugosilvag6.tipsy-viewCode";
				PRODUCT_NAME = "$(TARGET_NAME)";
				SWIFT_EMIT_LOC_STRINGS = YES;
				SWIFT_VERSION = 5.0;
				TARGETED_DEVICE_FAMILY = "1,2";
			};
			name = Debug;
		};
		C1D04387292A072E001D123C /* Release */ = {
			isa = XCBuildConfiguration;
			buildSettings = {
				ASSETCATALOG_COMPILER_APPICON_NAME = AppIcon;
				ASSETCATALOG_COMPILER_GLOBAL_ACCENT_COLOR_NAME = AccentColor;
				CODE_SIGN_STYLE = Automatic;
				CURRENT_PROJECT_VERSION = 1;
				DEVELOPMENT_TEAM = QQ6QSKRB6L;
				GENERATE_INFOPLIST_FILE = YES;
				INFOPLIST_FILE = "tipsy-viewCode/Info.plist";
				INFOPLIST_KEY_UIApplicationSupportsIndirectInputEvents = YES;
				INFOPLIST_KEY_UILaunchStoryboardName = LaunchScreen;
				INFOPLIST_KEY_UISupportedInterfaceOrientations_iPad = "UIInterfaceOrientationPortrait UIInterfaceOrientationPortraitUpsideDown UIInterfaceOrientationLandscapeLeft UIInterfaceOrientationLandscapeRight";
				INFOPLIST_KEY_UISupportedInterfaceOrientations_iPhone = "UIInterfaceOrientationPortrait UIInterfaceOrientationLandscapeLeft UIInterfaceOrientationLandscapeRight";
				LD_RUNPATH_SEARCH_PATHS = (
					"$(inherited)",
					"@executable_path/Frameworks",
				);
				MARKETING_VERSION = 1.0;
				PRODUCT_BUNDLE_IDENTIFIER = "com.hugosilvag6.tipsy-viewCode";
				PRODUCT_NAME = "$(TARGET_NAME)";
				SWIFT_EMIT_LOC_STRINGS = YES;
				SWIFT_VERSION = 5.0;
				TARGETED_DEVICE_FAMILY = "1,2";
			};
			name = Release;
		};
/* End XCBuildConfiguration section */

/* Begin XCConfigurationList section */
		C1D0436C292A072D001D123C /* Build configuration list for PBXProject "tipsy-viewCode" */ = {
			isa = XCConfigurationList;
			buildConfigurations = (
				C1D04383292A072E001D123C /* Debug */,
				C1D04384292A072E001D123C /* Release */,
			);
			defaultConfigurationIsVisible = 0;
			defaultConfigurationName = Release;
		};
		C1D04385292A072E001D123C /* Build configuration list for PBXNativeTarget "tipsy-viewCode" */ = {
			isa = XCConfigurationList;
			buildConfigurations = (
				C1D04386292A072E001D123C /* Debug */,
				C1D04387292A072E001D123C /* Release */,
			);
			defaultConfigurationIsVisible = 0;
			defaultConfigurationName = Release;
		};
/* End XCConfigurationList section */
	};
	rootObject = C1D04369292A072D001D123C /* Project object */;
}
